
Microsoft Visual Studio Solution File, Format Version 12.00
# Visual Studio Version 17
VisualStudioVersion = 17.10.34928.147
MinimumVisualStudioVersion = 10.0.40219.1
Project("{9A19103F-16F7-4668-BE54-9A1E7A4F7556}") = "BikeManagement", "BikeManagement\BikeManagement.csproj", "{DAFC9896-8705-47A8-93BE-DF049CC7D814}"
EndProject
Project("{FAE04EC0-301F-11D3-BF4B-00C04F79EFBC}") = "BikeManagement.Test", "BikeManagement.Test\BikeManagement.Test.csproj", "{540C4266-4B7C-4A85-8521-B6C3DBC0A8CC}"
EndProject
Global
	GlobalSection(SolutionConfigurationPlatforms) = preSolution
		Debug|Any CPU = Debug|Any CPU
		Release|Any CPU = Release|Any CPU
	EndGlobalSection
	GlobalSection(ProjectConfigurationPlatforms) = postSolution
		{DAFC9896-8705-47A8-93BE-DF049CC7D814}.Debug|Any CPU.ActiveCfg = Debug|Any CPU
		{DAFC9896-8705-47A8-93BE-DF049CC7D814}.Debug|Any CPU.Build.0 = Debug|Any CPU
		{DAFC9896-8705-47A8-93BE-DF049CC7D814}.Release|Any CPU.ActiveCfg = Release|Any CPU
		{DAFC9896-8705-47A8-93BE-DF049CC7D814}.Release|Any CPU.Build.0 = Release|Any CPU
		{540C4266-4B7C-4A85-8521-B6C3DBC0A8CC}.Debug|Any CPU.ActiveCfg = Debug|Any CPU
		{540C4266-4B7C-4A85-8521-B6C3DBC0A8CC}.Debug|Any CPU.Build.0 = Debug|Any CPU
		{540C4266-4B7C-4A85-8521-B6C3DBC0A8CC}.Release|Any CPU.ActiveCfg = Release|Any CPU
		{540C4266-4B7C-4A85-8521-B6C3DBC0A8CC}.Release|Any CPU.Build.0 = Release|Any CPU
	EndGlobalSection
	GlobalSection(SolutionProperties) = preSolution
		HideSolutionNode = FALSE
	EndGlobalSection
	GlobalSection(ExtensibilityGlobals) = postSolution
		SolutionGuid = {B19F6A54-B005-460A-A0A6-73D1A357CD1B}
	EndGlobalSection
EndGlobal
